{
  "name": "games_with_camera",
  "version": "1.0.0",
  "lockfileVersion": 3,
  "requires": true,
  "packages": {
    "": {
      "name": "games_with_camera",
      "version": "1.0.0",
      "license": "ISC",
      "dependencies": {
        "games_with_camera": "file:"
      }
    },
    "node_modules/games_with_camera": {
      "resolved": "",
      "link": true
    }
  }
}
